
Microsoft Visual Studio Solution File, Format Version 12.00
# Visual Studio 15
VisualStudioVersion = 15.0.28307.779
MinimumVisualStudioVersion = 10.0.40219.1
Project("{FAE04EC0-301F-11D3-BF4B-00C04F79EFBC}") = "HlpvwLdr", "HlpViewer\HlpvwLdr.csproj", "{2406163E-C9EA-4F0E-B458-436482709D54}"
EndProject
Project("{8BC9CEB8-8B4A-11D0-8D11-00A0C91BC942}") = "snoopwpf", "snoopwpf\snoopwpf.vcxproj", "{54C2F4D2-E1C1-421D-8AB6-5EA7B26FF040}"
EndProject
Project("{FAE04EC0-301F-11D3-BF4B-00C04F79EFBC}") = "HlpvwFake", "HlpvwFake\HlpvwFake.csproj", "{84576A7F-14DE-4960-A506-A89CA74F24BF}"
EndProject
Project("{FAE04EC0-301F-11D3-BF4B-00C04F79EFBC}") = "isc", "isc\isc.csproj", "{DD39C656-AFB7-4569-9726-9808BB178565}"
EndProject
Global
	GlobalSection(SolutionConfigurationPlatforms) = preSolution
		Debug|Any CPU = Debug|Any CPU
		Debug|x64 = Debug|x64
		Debug|x86 = Debug|x86
		Release|Any CPU = Release|Any CPU
		Release|x64 = Release|x64
		Release|x86 = Release|x86
	EndGlobalSection
	GlobalSection(ProjectConfigurationPlatforms) = postSolution
		{2406163E-C9EA-4F0E-B458-436482709D54}.Debug|Any CPU.ActiveCfg = Debug|Any CPU
		{2406163E-C9EA-4F0E-B458-436482709D54}.Debug|Any CPU.Build.0 = Debug|Any CPU
		{2406163E-C9EA-4F0E-B458-436482709D54}.Debug|x64.ActiveCfg = Debug|Any CPU
		{2406163E-C9EA-4F0E-B458-436482709D54}.Debug|x64.Build.0 = Debug|Any CPU
		{2406163E-C9EA-4F0E-B458-436482709D54}.Debug|x86.ActiveCfg = Debug|Any CPU
		{2406163E-C9EA-4F0E-B458-436482709D54}.Debug|x86.Build.0 = Debug|Any CPU
		{2406163E-C9EA-4F0E-B458-436482709D54}.Release|Any CPU.ActiveCfg = Release|Any CPU
		{2406163E-C9EA-4F0E-B458-436482709D54}.Release|Any CPU.Build.0 = Release|Any CPU
		{2406163E-C9EA-4F0E-B458-436482709D54}.Release|x64.ActiveCfg = Release|Any CPU
		{2406163E-C9EA-4F0E-B458-436482709D54}.Release|x64.Build.0 = Release|Any CPU
		{2406163E-C9EA-4F0E-B458-436482709D54}.Release|x86.ActiveCfg = Release|Any CPU
		{2406163E-C9EA-4F0E-B458-436482709D54}.Release|x86.Build.0 = Release|Any CPU
		{54C2F4D2-E1C1-421D-8AB6-5EA7B26FF040}.Debug|Any CPU.ActiveCfg = Debug|Win32
		{54C2F4D2-E1C1-421D-8AB6-5EA7B26FF040}.Debug|x64.ActiveCfg = Debug|x64
		{54C2F4D2-E1C1-421D-8AB6-5EA7B26FF040}.Debug|x64.Build.0 = Debug|x64
		{54C2F4D2-E1C1-421D-8AB6-5EA7B26FF040}.Debug|x86.ActiveCfg = Debug|Win32
		{54C2F4D2-E1C1-421D-8AB6-5EA7B26FF040}.Debug|x86.Build.0 = Debug|Win32
		{54C2F4D2-E1C1-421D-8AB6-5EA7B26FF040}.Release|Any CPU.ActiveCfg = Release|Win32
		{54C2F4D2-E1C1-421D-8AB6-5EA7B26FF040}.Release|x64.ActiveCfg = Release|x64
		{54C2F4D2-E1C1-421D-8AB6-5EA7B26FF040}.Release|x64.Build.0 = Release|x64
		{54C2F4D2-E1C1-421D-8AB6-5EA7B26FF040}.Release|x86.ActiveCfg = Release|Win32
		{54C2F4D2-E1C1-421D-8AB6-5EA7B26FF040}.Release|x86.Build.0 = Release|Win32
		{84576A7F-14DE-4960-A506-A89CA74F24BF}.Debug|Any CPU.ActiveCfg = Debug|Any CPU
		{84576A7F-14DE-4960-A506-A89CA74F24BF}.Debug|Any CPU.Build.0 = Debug|Any CPU
		{84576A7F-14DE-4960-A506-A89CA74F24BF}.Debug|x64.ActiveCfg = Debug|Any CPU
		{84576A7F-14DE-4960-A506-A89CA74F24BF}.Debug|x64.Build.0 = Debug|Any CPU
		{84576A7F-14DE-4960-A506-A89CA74F24BF}.Debug|x86.ActiveCfg = Debug|Any CPU
		{84576A7F-14DE-4960-A506-A89CA74F24BF}.Debug|x86.Build.0 = Debug|Any CPU
		{84576A7F-14DE-4960-A506-A89CA74F24BF}.Release|Any CPU.ActiveCfg = Release|Any CPU
		{84576A7F-14DE-4960-A506-A89CA74F24BF}.Release|Any CPU.Build.0 = Release|Any CPU
		{84576A7F-14DE-4960-A506-A89CA74F24BF}.Release|x64.ActiveCfg = Release|Any CPU
		{84576A7F-14DE-4960-A506-A89CA74F24BF}.Release|x64.Build.0 = Release|Any CPU
		{84576A7F-14DE-4960-A506-A89CA74F24BF}.Release|x86.ActiveCfg = Release|Any CPU
		{84576A7F-14DE-4960-A506-A89CA74F24BF}.Release|x86.Build.0 = Release|Any CPU
		{DD39C656-AFB7-4569-9726-9808BB178565}.Debug|Any CPU.ActiveCfg = Debug|Any CPU
		{DD39C656-AFB7-4569-9726-9808BB178565}.Debug|Any CPU.Build.0 = Debug|Any CPU
		{DD39C656-AFB7-4569-9726-9808BB178565}.Debug|x64.ActiveCfg = Debug|Any CPU
		{DD39C656-AFB7-4569-9726-9808BB178565}.Debug|x64.Build.0 = Debug|Any CPU
		{DD39C656-AFB7-4569-9726-9808BB178565}.Debug|x86.ActiveCfg = Debug|Any CPU
		{DD39C656-AFB7-4569-9726-9808BB178565}.Debug|x86.Build.0 = Debug|Any CPU
		{DD39C656-AFB7-4569-9726-9808BB178565}.Release|Any CPU.ActiveCfg = Release|Any CPU
		{DD39C656-AFB7-4569-9726-9808BB178565}.Release|Any CPU.Build.0 = Release|Any CPU
		{DD39C656-AFB7-4569-9726-9808BB178565}.Release|x64.ActiveCfg = Release|Any CPU
		{DD39C656-AFB7-4569-9726-9808BB178565}.Release|x64.Build.0 = Release|Any CPU
		{DD39C656-AFB7-4569-9726-9808BB178565}.Release|x86.ActiveCfg = Release|Any CPU
		{DD39C656-AFB7-4569-9726-9808BB178565}.Release|x86.Build.0 = Release|Any CPU
	EndGlobalSection
	GlobalSection(SolutionProperties) = preSolution
		HideSolutionNode = FALSE
	EndGlobalSection
	GlobalSection(ExtensibilityGlobals) = postSolution
		SolutionGuid = {4064F192-2732-4B23-B377-B133BF9B0473}
	EndGlobalSection
EndGlobal
